{
  "lockfileVersion": 1,
  "configVersion": 1,
  "workspaces": {
    "": {
      "name": "trove",
      "dependencies": {
        "yaml": "^2.6.1",
      },
      "devDependencies": {
        "@types/node": "^22.0.0",
      },
    },
  },
  "packages": {
    "@types/node": ["@types/node@22.19.18", "", { "dependencies": { "undici-types": "~6.21.0" } }, "sha512-9v00a+dn2yWVsYDEunWC4g/TcRKVq3r8N5FuZp7u0SGrPvdN9c2yXI9bBuf5Fl0hNCb+QTIePTn5pJs2pwBOQQ=="],

    "undici-types": ["undici-types@6.21.0", "", {}, "sha512-iwDZqg0QAGrg9Rav5H4n0M64c3mkR59cJ6wQp+7C4nI0gsmExaedaYLNO44eT4AtBBwjbTiGPMlt2Md0T9H9JQ=="],

    "yaml": ["yaml@2.8.4", "", { "bin": { "yaml": "bin.mjs" } }, "sha512-ml/JPOj9fOQK8RNnWojA67GbZ0ApXAUlN2UQclwv2eVgTgn7O9gg9o7paZWKMp4g0H3nTLtS9LVzhkpOFIKzog=="],
  }
}
